
Microsoft Visual Studio Solution File, Format Version 12.00
# Visual Studio 15
VisualStudioVersion = 15.0.26124.0
MinimumVisualStudioVersion = 15.0.26124.0
Project("{2150E333-8FDC-42A3-9474-1A3956D46DE8}") = "src", "src", "{F8A09056-3E0C-41B2-8131-C47490910EAC}"
EndProject
Project("{FAE04EC0-301F-11D3-BF4B-00C04F79EFBC}") = "Calc.WebAPI", "src\Calc.WebAPI\Calc.WebAPI.csproj", "{436CA6F8-882B-492F-8D9D-7ECFB499BD9A}"
EndProject
Project("{FAE04EC0-301F-11D3-BF4B-00C04F79EFBC}") = "Calc.WebAPI.Tests", "src\Calc.WebAPI.Tests\Calc.WebAPI.Tests.csproj", "{4367E4FD-8BF0-40C4-8BDB-62735F8325AE}"
EndProject
Global
	GlobalSection(SolutionConfigurationPlatforms) = preSolution
		Debug|Any CPU = Debug|Any CPU
		Debug|x64 = Debug|x64
		Debug|x86 = Debug|x86
		Release|Any CPU = Release|Any CPU
		Release|x64 = Release|x64
		Release|x86 = Release|x86
	EndGlobalSection
	GlobalSection(SolutionProperties) = preSolution
		HideSolutionNode = FALSE
	EndGlobalSection
	GlobalSection(ProjectConfigurationPlatforms) = postSolution
		{436CA6F8-882B-492F-8D9D-7ECFB499BD9A}.Debug|Any CPU.ActiveCfg = Debug|Any CPU
		{436CA6F8-882B-492F-8D9D-7ECFB499BD9A}.Debug|Any CPU.Build.0 = Debug|Any CPU
		{436CA6F8-882B-492F-8D9D-7ECFB499BD9A}.Debug|x64.ActiveCfg = Debug|Any CPU
		{436CA6F8-882B-492F-8D9D-7ECFB499BD9A}.Debug|x64.Build.0 = Debug|Any CPU
		{436CA6F8-882B-492F-8D9D-7ECFB499BD9A}.Debug|x86.ActiveCfg = Debug|Any CPU
		{436CA6F8-882B-492F-8D9D-7ECFB499BD9A}.Debug|x86.Build.0 = Debug|Any CPU
		{436CA6F8-882B-492F-8D9D-7ECFB499BD9A}.Release|Any CPU.ActiveCfg = Release|Any CPU
		{436CA6F8-882B-492F-8D9D-7ECFB499BD9A}.Release|Any CPU.Build.0 = Release|Any CPU
		{436CA6F8-882B-492F-8D9D-7ECFB499BD9A}.Release|x64.ActiveCfg = Release|Any CPU
		{436CA6F8-882B-492F-8D9D-7ECFB499BD9A}.Release|x64.Build.0 = Release|Any CPU
		{436CA6F8-882B-492F-8D9D-7ECFB499BD9A}.Release|x86.ActiveCfg = Release|Any CPU
		{436CA6F8-882B-492F-8D9D-7ECFB499BD9A}.Release|x86.Build.0 = Release|Any CPU
		{4367E4FD-8BF0-40C4-8BDB-62735F8325AE}.Debug|Any CPU.ActiveCfg = Debug|Any CPU
		{4367E4FD-8BF0-40C4-8BDB-62735F8325AE}.Debug|Any CPU.Build.0 = Debug|Any CPU
		{4367E4FD-8BF0-40C4-8BDB-62735F8325AE}.Debug|x64.ActiveCfg = Debug|Any CPU
		{4367E4FD-8BF0-40C4-8BDB-62735F8325AE}.Debug|x64.Build.0 = Debug|Any CPU
		{4367E4FD-8BF0-40C4-8BDB-62735F8325AE}.Debug|x86.ActiveCfg = Debug|Any CPU
		{4367E4FD-8BF0-40C4-8BDB-62735F8325AE}.Debug|x86.Build.0 = Debug|Any CPU
		{4367E4FD-8BF0-40C4-8BDB-62735F8325AE}.Release|Any CPU.ActiveCfg = Release|Any CPU
		{4367E4FD-8BF0-40C4-8BDB-62735F8325AE}.Release|Any CPU.Build.0 = Release|Any CPU
		{4367E4FD-8BF0-40C4-8BDB-62735F8325AE}.Release|x64.ActiveCfg = Release|Any CPU
		{4367E4FD-8BF0-40C4-8BDB-62735F8325AE}.Release|x64.Build.0 = Release|Any CPU
		{4367E4FD-8BF0-40C4-8BDB-62735F8325AE}.Release|x86.ActiveCfg = Release|Any CPU
		{4367E4FD-8BF0-40C4-8BDB-62735F8325AE}.Release|x86.Build.0 = Release|Any CPU
	EndGlobalSection
	GlobalSection(NestedProjects) = preSolution
		{436CA6F8-882B-492F-8D9D-7ECFB499BD9A} = {F8A09056-3E0C-41B2-8131-C47490910EAC}
		{4367E4FD-8BF0-40C4-8BDB-62735F8325AE} = {F8A09056-3E0C-41B2-8131-C47490910EAC}
	EndGlobalSection
EndGlobal
